
Microsoft Visual Studio Solution File, Format Version 12.00
# Visual Studio Version 17
VisualStudioVersion = 17.3.32825.248
MinimumVisualStudioVersion = 10.0.40219.1
Project("{9A19103F-16F7-4668-BE54-9A1E7A4F7556}") = "SiteParser", "SiteParser\SiteParser.csproj", "{164923CF-18B7-46DC-8AA5-1927A84DEA3D}"
EndProject
Project("{2150E333-8FDC-42A3-9474-1A3956D46DE8}") = "Solution Items", "Solution Items", "{B71A0B77-FBC5-4787-87A3-1FD96E36445C}"
	ProjectSection(SolutionItems) = preProject
		.editorconfig = .editorconfig
	EndProjectSection
EndProject
Project("{9A19103F-16F7-4668-BE54-9A1E7A4F7556}") = "UnitTests", "UnitTests\UnitTests.csproj", "{61D44181-A8BA-4AD3-8612-9A3A89391319}"
EndProject
Global
	GlobalSection(SolutionConfigurationPlatforms) = preSolution
		Debug|Any CPU = Debug|Any CPU
		Release|Any CPU = Release|Any CPU
	EndGlobalSection
	GlobalSection(ProjectConfigurationPlatforms) = postSolution
		{164923CF-18B7-46DC-8AA5-1927A84DEA3D}.Debug|Any CPU.ActiveCfg = Debug|Any CPU
		{164923CF-18B7-46DC-8AA5-1927A84DEA3D}.Debug|Any CPU.Build.0 = Debug|Any CPU
		{164923CF-18B7-46DC-8AA5-1927A84DEA3D}.Release|Any CPU.ActiveCfg = Release|Any CPU
		{164923CF-18B7-46DC-8AA5-1927A84DEA3D}.Release|Any CPU.Build.0 = Release|Any CPU
		{61D44181-A8BA-4AD3-8612-9A3A89391319}.Debug|Any CPU.ActiveCfg = Debug|Any CPU
		{61D44181-A8BA-4AD3-8612-9A3A89391319}.Debug|Any CPU.Build.0 = Debug|Any CPU
		{61D44181-A8BA-4AD3-8612-9A3A89391319}.Release|Any CPU.ActiveCfg = Release|Any CPU
		{61D44181-A8BA-4AD3-8612-9A3A89391319}.Release|Any CPU.Build.0 = Release|Any CPU
	EndGlobalSection
	GlobalSection(SolutionProperties) = preSolution
		HideSolutionNode = FALSE
	EndGlobalSection
	GlobalSection(ExtensibilityGlobals) = postSolution
		SolutionGuid = {F5E84B61-D1A9-4784-A24F-BBA34EBCB61E}
	EndGlobalSection
EndGlobal
